
Microsoft Visual Studio Solution File, Format Version 12.00
# Visual Studio 2012
Project("{8BC9CEB8-8B4A-11D0-8D11-00A0C91BC942}") = "RunLengthEncoding", "RunLengthEncoding\RunLengthEncoding.vcxproj", "{EB92098C-4B3D-4B9F-84FE-25E03694B60A}"
EndProject
Project("{8BC9CEB8-8B4A-11D0-8D11-00A0C91BC942}") = "RLE_CPU", "RLE_CPU\RLE_CPU.vcxproj", "{E2EC4780-63CE-4222-A45D-0CAC3920A1F6}"
EndProject
Global
	GlobalSection(SolutionConfigurationPlatforms) = preSolution
		Debug|Win32 = Debug|Win32
		Debug|x64 = Debug|x64
		Release|Win32 = Release|Win32
		Release|x64 = Release|x64
	EndGlobalSection
	GlobalSection(ProjectConfigurationPlatforms) = postSolution
		{EB92098C-4B3D-4B9F-84FE-25E03694B60A}.Debug|Win32.ActiveCfg = Debug|Win32
		{EB92098C-4B3D-4B9F-84FE-25E03694B60A}.Debug|Win32.Build.0 = Debug|Win32
		{EB92098C-4B3D-4B9F-84FE-25E03694B60A}.Debug|x64.ActiveCfg = Debug|x64
		{EB92098C-4B3D-4B9F-84FE-25E03694B60A}.Debug|x64.Build.0 = Debug|x64
		{EB92098C-4B3D-4B9F-84FE-25E03694B60A}.Release|Win32.ActiveCfg = Release|Win32
		{EB92098C-4B3D-4B9F-84FE-25E03694B60A}.Release|Win32.Build.0 = Release|Win32
		{EB92098C-4B3D-4B9F-84FE-25E03694B60A}.Release|x64.ActiveCfg = Release|x64
		{EB92098C-4B3D-4B9F-84FE-25E03694B60A}.Release|x64.Build.0 = Release|x64
		{E2EC4780-63CE-4222-A45D-0CAC3920A1F6}.Debug|Win32.ActiveCfg = Debug|Win32
		{E2EC4780-63CE-4222-A45D-0CAC3920A1F6}.Debug|Win32.Build.0 = Debug|Win32
		{E2EC4780-63CE-4222-A45D-0CAC3920A1F6}.Debug|x64.ActiveCfg = Debug|Win32
		{E2EC4780-63CE-4222-A45D-0CAC3920A1F6}.Release|Win32.ActiveCfg = Release|Win32
		{E2EC4780-63CE-4222-A45D-0CAC3920A1F6}.Release|Win32.Build.0 = Release|Win32
		{E2EC4780-63CE-4222-A45D-0CAC3920A1F6}.Release|x64.ActiveCfg = Release|Win32
	EndGlobalSection
	GlobalSection(SolutionProperties) = preSolution
		HideSolutionNode = FALSE
	EndGlobalSection
EndGlobal
